
Microsoft Visual Studio Solution File, Format Version 12.00
# Visual Studio Version 16
VisualStudioVersion = 16.0.30114.105
MinimumVisualStudioVersion = 10.0.40219.1
Project("{9A19103F-16F7-4668-BE54-9A1E7A4F7556}") = "DatingApp", "DatingApp\DatingApp.csproj", "{ADDFC2B7-5C4D-4196-92F6-D92F7C12FEF7}"
EndProject
Project("{2150E333-8FDC-42A3-9474-1A3956D46DE8}") = "Solution Items", "Solution Items", "{E54C6887-02F0-4A09-8496-635D41261C0B}"
	ProjectSection(SolutionItems) = preProject
		.editorconfig = .editorconfig
	EndProjectSection
EndProject
Global
	GlobalSection(SolutionConfigurationPlatforms) = preSolution
		Debug|Any CPU = Debug|Any CPU
		Release|Any CPU = Release|Any CPU
	EndGlobalSection
	GlobalSection(ProjectConfigurationPlatforms) = postSolution
		{ADDFC2B7-5C4D-4196-92F6-D92F7C12FEF7}.Debug|Any CPU.ActiveCfg = Debug|Any CPU
		{ADDFC2B7-5C4D-4196-92F6-D92F7C12FEF7}.Debug|Any CPU.Build.0 = Debug|Any CPU
		{ADDFC2B7-5C4D-4196-92F6-D92F7C12FEF7}.Release|Any CPU.ActiveCfg = Release|Any CPU
		{ADDFC2B7-5C4D-4196-92F6-D92F7C12FEF7}.Release|Any CPU.Build.0 = Release|Any CPU
	EndGlobalSection
	GlobalSection(SolutionProperties) = preSolution
		HideSolutionNode = FALSE
	EndGlobalSection
	GlobalSection(ExtensibilityGlobals) = postSolution
		SolutionGuid = {00C21C14-D31F-4175-B774-3C6EF80F76F7}
	EndGlobalSection
EndGlobal
